dependencies:
  espressif/esp-dsp:
    component_hash: 59a67ce3be799201752ebde99890b0ab947054eff6463d83e944f2d4165d6905
    source:
      service_url: https://api.components.espressif.com/
      type: service
    version: 1.4.4
  espressif/esp_lcd_touch:
    component_hash: 847284c65f8d5aaa9a801f5b3d3dac0ba0a5a2dc1bb68890989e84dd9c4a9d53
    source:
      service_url: https://api.components.espressif.com/
      type: service
    version: 1.0.4
  espressif/esp_lcd_touch_tt21100:
    component_hash: 27d0ec1226e2ce81ad6a170b27530dbcf959cd1fb9abe1ba207509a8a2f2ed22
    source:
      service_url: https://api.components.espressif.com/
      type: service
    version: 1.0.7~1
  espressif/esp_lvgl_port:
    component_hash: 5f7ec130fcfe1d5339cbd5b202766349e8614cd6504636d8902eb41823cb2ce7
    source:
      service_url: https://api.components.espressif.com/
      type: service
    version: 1.2.0
  idf:
    component_hash: null
    source:
      type: idf
    version: 4.4.5
  lvgl/lvgl:
    component_hash: 2c0e0a0c48cf696bfa2b7ab0ef31843fd9a162620683ab9d916a0d43a3240441
    source:
      service_url: https://api.components.espressif.com/
      type: service
    version: 8.3.8
manifest_hash: 249a481e29b8c40eb4b48ac5e83c0d7ec25dd6eaffa69de8e7720db55012edc5
target: esp32s3
version: 1.0.0
